
Microsoft Visual Studio Solution File, Format Version 12.00
# Visual Studio Version 16
VisualStudioVersion = 16.0.29418.71
MinimumVisualStudioVersion = 10.0.40219.1
Project("{FAE04EC0-301F-11D3-BF4B-00C04F79EFBC}") = "Presentacion", "Presentacion\Presentacion.csproj", "{8BF61CA3-78E5-4C73-9DAB-2B7C3651A32A}"
EndProject
Project("{FAE04EC0-301F-11D3-BF4B-00C04F79EFBC}") = "Controlador", "Negocio\Controlador.csproj", "{D6E7DAD9-D3A6-4407-80BC-F10E21DE43D3}"
EndProject
Project("{54435603-DBB4-11D2-8724-00A0C9A8B90C}") = "Instalador", "Instalador\Instalador.vdproj", "{2B0A26EA-290D-4C9C-B718-E57769B8C0A4}"
EndProject
Global
	GlobalSection(SolutionConfigurationPlatforms) = preSolution
		Debug|Any CPU = Debug|Any CPU
		Release|Any CPU = Release|Any CPU
	EndGlobalSection
	GlobalSection(ProjectConfigurationPlatforms) = postSolution
		{8BF61CA3-78E5-4C73-9DAB-2B7C3651A32A}.Debug|Any CPU.ActiveCfg = Debug|Any CPU
		{8BF61CA3-78E5-4C73-9DAB-2B7C3651A32A}.Debug|Any CPU.Build.0 = Debug|Any CPU
		{8BF61CA3-78E5-4C73-9DAB-2B7C3651A32A}.Release|Any CPU.ActiveCfg = Release|Any CPU
		{8BF61CA3-78E5-4C73-9DAB-2B7C3651A32A}.Release|Any CPU.Build.0 = Release|Any CPU
		{D6E7DAD9-D3A6-4407-80BC-F10E21DE43D3}.Debug|Any CPU.ActiveCfg = Debug|Any CPU
		{D6E7DAD9-D3A6-4407-80BC-F10E21DE43D3}.Debug|Any CPU.Build.0 = Debug|Any CPU
		{D6E7DAD9-D3A6-4407-80BC-F10E21DE43D3}.Release|Any CPU.ActiveCfg = Release|Any CPU
		{D6E7DAD9-D3A6-4407-80BC-F10E21DE43D3}.Release|Any CPU.Build.0 = Release|Any CPU
		{2B0A26EA-290D-4C9C-B718-E57769B8C0A4}.Debug|Any CPU.ActiveCfg = Debug
		{2B0A26EA-290D-4C9C-B718-E57769B8C0A4}.Release|Any CPU.ActiveCfg = Release
	EndGlobalSection
	GlobalSection(SolutionProperties) = preSolution
		HideSolutionNode = FALSE
	EndGlobalSection
	GlobalSection(ExtensibilityGlobals) = postSolution
		SolutionGuid = {A28AFE96-35BE-4016-9DC1-CB9780BB5D27}
	EndGlobalSection
EndGlobal
